
Microsoft Visual Studio Solution File, Format Version 12.00
# Visual Studio 2013
VisualStudioVersion = 12.0.30723.0
MinimumVisualStudioVersion = 10.0.40219.1
Project("{FAE04EC0-301F-11D3-BF4B-00C04F79EFBC}") = "abc", "abc\abc.csproj", "{04F8A831-9144-47FC-BE82-FE5C798A3126}"
EndProject
Global
	GlobalSection(SolutionConfigurationPlatforms) = preSolution
		Debug|Any CPU = Debug|Any CPU
		Release|Any CPU = Release|Any CPU
	EndGlobalSection
	GlobalSection(ProjectConfigurationPlatforms) = postSolution
		{04F8A831-9144-47FC-BE82-FE5C798A3126}.Debug|Any CPU.ActiveCfg = Debug|Any CPU
		{04F8A831-9144-47FC-BE82-FE5C798A3126}.Debug|Any CPU.Build.0 = Debug|Any CPU
		{04F8A831-9144-47FC-BE82-FE5C798A3126}.Release|Any CPU.ActiveCfg = Release|Any CPU
		{04F8A831-9144-47FC-BE82-FE5C798A3126}.Release|Any CPU.Build.0 = Release|Any CPU
	EndGlobalSection
	GlobalSection(SolutionProperties) = preSolution
		HideSolutionNode = FALSE
	EndGlobalSection
EndGlobal
